{
  "nodes": {
    "flakeUtils": {
      "locked": {
        "lastModified": 1617631617,
        "narHash": "sha256-PARRCz55qN3gy07VJZIlFeOX420d0nGF0RzGI/9hVlw=",
        "owner": "numtide",
        "repo": "flake-utils",
        "rev": "b2c27d1a81b0dc266270fa8aeecebbd1807fc610",
        "type": "github"
      },
      "original": {
        "owner": "numtide",
        "repo": "flake-utils",
        "type": "github"
      }
    },
    "naerskSrc": {
      "inputs": {
        "nixpkgs": "nixpkgs"
      },
      "locked": {
        "lastModified": 1614785451,
        "narHash": "sha256-TPw8kQvr2UNCuvndtY+EjyXp6Q5GEW2l9UafXXh1XmI=",
        "owner": "nmattia",
        "repo": "naersk",
        "rev": "e0fe990b478a66178a58c69cf53daec0478ca6f9",
        "type": "github"
      },
      "original": {
        "owner": "nmattia",
        "repo": "naersk",
        "type": "github"
      }
    },
    "nixpkgs": {
      "locked": {
        "lastModified": 1617899217,
        "narHash": "sha256-gd5JHH7IkeoIQ/oiGZSqDpGdGt7DMRJTQ8JiD8+hdOQ=",
        "path": "/nix/store/mmws9c6185xn3wvlzxa4a4h68x9q26yw-source",
        "rev": "9e377a6ce42dccd9b624ae4ce8f978dc892ba0e2",
        "type": "path"
      },
      "original": {
        "id": "nixpkgs",
        "type": "indirect"
      }
    },
    "nixpkgs_2": {
      "locked": {
        "lastModified": 1617929752,
        "narHash": "sha256-ji0nqJUZp2bfHvO0sKxD24cW6Nk7LyjbPPMxjbJHji0=",
        "owner": "NixOS",
        "repo": "nixpkgs",
        "rev": "6fc2b7ecc2a167ce6a6902d5417daf1fa5cac777",
        "type": "github"
      },
      "original": {
        "owner": "NixOS",
        "ref": "nixpkgs-unstable",
        "repo": "nixpkgs",
        "type": "github"
      }
    },
    "root": {
      "inputs": {
        "flakeUtils": "flakeUtils",
        "naerskSrc": "naerskSrc",
        "nixpkgs": "nixpkgs_2"
      }
    }
  },
  "root": "root",
  "version": 7
}
